{
  "name": "@swsnr/gsebuild",
  "version": "1.0.0",
  "lockfileVersion": 3,
  "requires": true,
  "packages": {
    "": {
      "name": "@swsnr/gsebuild",
      "version": "1.0.0",
      "license": "Apache-2.0",
      "dependencies": {
        "@tsconfig/strictest": "^2.0.5"
      }
    },
    "node_modules/@tsconfig/strictest": {
      "version": "2.0.5",
      "resolved": "https://registry.npmjs.org/@tsconfig/strictest/-/strictest-2.0.5.tgz",
      "integrity": "sha512-ec4tjL2Rr0pkZ5hww65c+EEPYwxOi4Ryv+0MtjeaSQRJyq322Q27eOQiFbuNgw2hpL4hB1/W/HBGk3VKS43osg==",
      "license": "MIT"
    }
  }
}
